{
    "_meta": {
        "hash": {
            "sha256": "9bd8ddf2d818ae180e95964a39fb37cc4e55c2e8a9cc51927ca3633080767f39"
        },
        "pipfile-spec": 6,
        "requires": {
            "python_version": "3"
        },
        "sources": [
            {
                "name": "pypi",
                "url": "https://pypi.org/simple",
                "verify_ssl": true
            }
        ]
    },
    "default": {
        "aniso8601": {
            "hashes": [
                "sha256:1d2b7ef82963909e93c4f24ce48d4de9e66009a21bf1c1e1c85bdd0812fe412f",
                "sha256:72e3117667eedf66951bb2d93f4296a56b94b078a8a95905a052611fb3f1b973"
            ],
            "version": "==9.0.1"
        },
        "arrow": {
            "hashes": [
                "sha256:05caf1fd3d9a11a1135b2b6f09887421153b94558e5ef4d090b567b47173ac2b",
                "sha256:d622c46ca681b5b3e3574fcb60a04e5cc81b9625112d5fb2b44220c36c892177"
            ],
            "markers": "python_version >= '3.6'",
            "version": "==1.2.2"
        },
        "asgiref": {
            "hashes": [
                "sha256:1d2880b792ae8757289136f1db2b7b99100ce959b2aa57fd69dab783d05afac4",
                "sha256:4a29362a6acebe09bf1d6640db38c1dc3d9217c68e6f9f6204d72667fc19a424"
            ],
            "markers": "python_version >= '3.7'",
            "version": "==3.5.2"
        },
        "beautifulsoup4": {
            "hashes": [
                "sha256:9a315ce70049920ea4572a4055bc4bd700c940521d36fc858205ad4fcde149bf",
                "sha256:c23ad23c521d818955a4151a67d81580319d4bf548d3d49f4223ae041ff98891"
            ],
            "index": "pypi",
            "version": "==4.10.0"
        },
        "bitarray": {
            "hashes": [
                "sha256:00b42b50ec0c1634c14983a1a9805e61d9fee8b58f323475da217f5e6735b015",
                "sha256:014f08d6c060ebb39c5ff4c122f3d7ed7e7b45d95ce95a59f7f99fc29d7333cf",
                "sha256:018f785b3451bed5cab0b7c24fba43276e888e376594dab2a22b6a3254b8e5c5",
                "sha256:021b0e76d42ed3634305210ec1a8fc320607ce842eefd3a54742054deb339d8f",
                "sha256:029e21fe4f3b967142a27b1c43283333d621bb66a8f8f6d23f694f0934a1ea2c",
                "sha256:074eb21d9c3f16af1297f81f9b0d6606c6555748a31ebc6977baaa55b62be83d",
                "sha256:07fc532b29c1d7b28d0127b46783fed03f4020e92587c8a1fb476ee5b43efe98",
                "sha256:0debd8431eab8c0bd4d0c35c962e252cef5276a540d6df1397f4f468931a8380",
                "sha256:12b86f00550a0562586319b4c294060d7ec5051f583f241a83eb497a5294f538",
                "sha256:14e6888579bb4f84db0aa604b157da2c814524e02937941d05ce43e76ae680f0",
                "sha256:155404f42205c5666f10fbf6bb84e1aa24fab8b3bd5188a8fe1dc5114ddc73df",
                "sha256:171a0f2d1b4f5d6e950fb8e4c5fc205116c72f575bd44a56cd890c8bfc3c5a4c",
                "sha256:1791c532cb0c5ea70e7c563dafa5251ff6cdbd8e68119fcd6097d9cddd4e08e2",
                "sha256:1b4392b6c409f3ed1bba862ed1790ca34f7a3d847fd07caae01a3b672b50f0f6",
                "sha256:1c303d7b4fab60e30841a4b2db5057521f1f1edaeba3fa65bf17ef2ec168bbbe",
                "sha256:1c5019a406bfbbfa4853b22541fab4b8cd8da8910d9e0728940d035651103228",
                "sha256:1f06480d5a4c644aa4f5d487ed9e0d22424b91c8adefce95d96e84a8ad76e893",
                "sha256:20fb3ef4901475431dd62f3460674208745e1171925b89dadee154ca581cbdb2",
                "sha256:2b4b4d0a62681445bf19e29336b9ac85d45a9af3dcf93775dd3a2240029b2dd3",
                "sha256:2b4c52c9054be0363a5048f161df98c78c57c92beca91961bce4d6bbed667392",
                "sha256:364602ce9d92b7ecc7bd99680f8b65fb84912ed04e457b8ed372fd02a6bd4809",
                "sha256:37d561ecb5be12680213cd91cde4e142e6aa27c8251f63f36deec07d554a06b9",
                "sha256:3d3f5b5a12eb7dab634ea10ed819101c929e01ded93941b2f0fadcbee1b5ec0b",
                "sha256:4298e7efb4bbbd6c38eb2b47c50454dcb481993e523d80afe786c96f773b838a",
                "sha256:456b164dd15bb8ab4fe044c09a9788f851fd6f49fcbc8cbdd233891a205cb44d",
                "sha256:45eadfe229aa5b2877329a07da28ef68371ace57a519a5a477f6080f9e87b7b4",
                "sha256:486f4ea7bf03b16aeee276ebff99b7e6428ff5f7d089e810c13a948280381282",
                "sha256:4c9df541c2ee7fef43c60e3ad361edf8f3a0dcf1d62cc536f73108984f9f6ab3",
                "sha256:4ce285b1e4414568cb6f8e669c894adbaef3e558cb4d97be5a134fed4f020cba",
                "sha256:506baff0f065e0be920f7aafc0e6270202f564eae357c3b1879e88f33375da2d",
                "sha256:5bc014119a14f6ad7fa45c1e69032873ba452f88749798659f5391675caff3de",
                "sha256:5d7460084ef08cde29af868fde235cb918b99945f63435e54e347629fde6ccdb",
                "sha256:631a8942445e306d95b312f2a73067bef615bea82d4dbfcd8281d1852e4182f4",
                "sha256:643ef1b8f07eaa77e5a5114c0d1c779536cab598e9c410fa38775f4ab571e567",
                "sha256:6827a674b586bf8376042513fa774c500ae130c940728ef3df6e7214a5221d36",
                "sha256:6cdf79279da7f874af593ee1e6197a083c040b023b06d77a87d501210331c9ab",
                "sha256:71bd233b76844d7bf57f36a8417d16643368d8ab85b5b39373defa0f0024c9dd",
                "sha256:7511632e9f64b4dddb40a8e7cc0352274b064b641b24335ddfaae2cb7929adba",
                "sha256:79e41159b6c45ebe304feac113a5ce23117d04e80f2f25fed83d6e73f1d510b6",
                "sha256:7fb60b48a5d0d03858ae1222cbc7517335f03ea324a3409a2ccc1e1b6da082dc",
                "sha256:80ecf7e5dd10b9637c2ad12a15900605d2597f8f83e7b070e09f71ddf044a445",
                "sha256:81e5c1fb6ddbb8ca9eace906538e9715ec7151a818172230c231479722e28b2f",
                "sha256:87df0a8d7143e1a81992be4823c5b2ee73357795fde146368759db93d9359dbc",
                "sha256:887738314d4c4ef8f1f015211d56d078e7c9b3ff7898387374191e6662b72191",
                "sha256:8d38f60751008099a659d5acfb35ef4150183effd5b2bfa6c10199270ddf4c9c",
                "sha256:90224767651a85f988160b3b0fc7319a408b4892a81acb5aa8d47c8ec83b7e90",
                "sha256:90ab3c6f1b4ef350154d4ef1161a0f7bb2ed2383fb1bb753f7380d5d2ab4565c",
                "sha256:92293d8a5620eb323369985d2d7e9a3ed0a51c348ec11d9f699a79f03ff90266",
                "sha256:938bed547915ebafad8e6cc491c3858ed1de4768da6c75a7308d24bd74e0a2e5",
                "sha256:9e21104b14dfb61f4eb25e49ac2593f055296b74bc86d0226a0bf413193c4ab1",
                "sha256:9e4196098e45e67e644de10586ef1838157f18a924d8d3aecde2342b04aed48d",
                "sha256:9e7752bbd0bd9243287de4757c4c732807301bd5edff9855cfcf87164fac1c33",
                "sha256:9f5babc13ebf79c1b6e2d42cecb16c142ebbb135a5c7e38fe1dd426871a75496",
                "sha256:a15791a13253d138d0eee433f582ea54fbc9580bcd1d6ecb1964d87c5fc2b0e5",
                "sha256:a29be32a4331ed5940b9b0b75fa2541b844b2161350108500851298b6be0715f",
                "sha256:a9086c5bd295d69381fca7b805c9e28484653611e28898e01ad28a01133a8872",
                "sha256:aba39ecdf648dad3a8b94de02453c75abb31596d71dc3a5d5eff92b05ed5477b",
                "sha256:af42bf25e40d5cd12f0772a1fe0fa402605f341cecb8b25786e3672ffcb698ed",
                "sha256:bea1ea63a709af3fdd3c901d1d77f80827627e483fc28d2e0da097097e2f1bda",
                "sha256:c100cde3bc0fc7ff35e12c4e1ddcfa8a7a079ec0c0c2a6e98e7f208e5bbcf845",
                "sha256:c638b476bcdddea785b3c27d9ec484067a51277c0e751d02cc9321e434eed321",
                "sha256:c6cad54ce5b41a0b0661980fbbe22c2a372df5c6516625ba5d6fcfa2136b7326",
                "sha256:d472110dbe289f852fcc9a01164225c4f1351ff502f8e7da18cd6f2801eef923",
                "sha256:d7744c501b90336e96534e2f8e9e4a7651c47bfd99b01db1a327fe94548217b4",
                "sha256:d7fb4b32b1bc7a2f1c977866a4f14e5e9416608fd9bad468f8bb5d9c96eec9ac",
                "sha256:d8959252ab7bab3bf7a1df8178ba48ccee0e76b3646f067f15a0737e1ea8260d",
                "sha256:dd46116314e805d2f7d2ab4085358b2ea39ae5f7561ccb5509474fd24d2d5c20",
                "sha256:e2f116b7af9de43eb029c5b4e6e55d708c75c139065acf6e4a3a137d5966c0d2",
                "sha256:e8d92604505640b73e2951892e2a2d004d8332fd52a22b47d60fb68e0770dda2",
                "sha256:f2ff4df0ba170a6076cb72b21054bd9f67779d3f0466f22d70d2b4cdae3bb53f",
                "sha256:f347263a36d6d7be27ae55c5d0697ef22134841c4f19adb600dcaeedcad8c4ac",
                "sha256:f674783a0012c9c15d8d57e5be87fdfe20b2f0186a4c36b954cf271b34fba12f"
            ],
            "version": "==2.5.1"
        },
        "blessed": {
            "hashes": [
                "sha256:63b8554ae2e0e7f43749b6715c734cc8f3883010a809bf16790102563e6cf25b",
                "sha256:9a0d099695bf621d4680dd6c73f6ad547f6a3442fbdbe80c4b1daa1edbc492fc"
            ],
            "markers": "python_version >= '2.7'",
            "version": "==1.19.1"
        },
        "certifi": {
            "hashes": [
                "sha256:9c5705e395cd70084351dd8ad5c41e65655e08ce46f2ec9cf6c2c08390f71eb7",
                "sha256:f1d53542ee8cbedbe2118b5686372fb33c297fcd6379b050cca0ef13a597382a"
            ],
            "markers": "python_version >= '3.6'",
            "version": "==2022.5.18.1"
        },
        "cffi": {
            "hashes": [
                "sha256:00c878c90cb53ccfaae6b8bc18ad05d2036553e6d9d1d9dbcf323bbe83854ca3",
                "sha256:0104fb5ae2391d46a4cb082abdd5c69ea4eab79d8d44eaaf79f1b1fd806ee4c2",
                "sha256:06c48159c1abed75c2e721b1715c379fa3200c7784271b3c46df01383b593636",
                "sha256:0808014eb713677ec1292301ea4c81ad277b6cdf2fdd90fd540af98c0b101d20",
                "sha256:10dffb601ccfb65262a27233ac273d552ddc4d8ae1bf93b21c94b8511bffe728",
                "sha256:14cd121ea63ecdae71efa69c15c5543a4b5fbcd0bbe2aad864baca0063cecf27",
                "sha256:17771976e82e9f94976180f76468546834d22a7cc404b17c22df2a2c81db0c66",
                "sha256:181dee03b1170ff1969489acf1c26533710231c58f95534e3edac87fff06c443",
                "sha256:23cfe892bd5dd8941608f93348c0737e369e51c100d03718f108bf1add7bd6d0",
                "sha256:263cc3d821c4ab2213cbe8cd8b355a7f72a8324577dc865ef98487c1aeee2bc7",
                "sha256:2756c88cbb94231c7a147402476be2c4df2f6078099a6f4a480d239a8817ae39",
                "sha256:27c219baf94952ae9d50ec19651a687b826792055353d07648a5695413e0c605",
                "sha256:2a23af14f408d53d5e6cd4e3d9a24ff9e05906ad574822a10563efcef137979a",
                "sha256:31fb708d9d7c3f49a60f04cf5b119aeefe5644daba1cd2a0fe389b674fd1de37",
                "sha256:3415c89f9204ee60cd09b235810be700e993e343a408693e80ce7f6a40108029",
                "sha256:3773c4d81e6e818df2efbc7dd77325ca0dcb688116050fb2b3011218eda36139",
                "sha256:3b96a311ac60a3f6be21d2572e46ce67f09abcf4d09344c49274eb9e0bf345fc",
                "sha256:3f7d084648d77af029acb79a0ff49a0ad7e9d09057a9bf46596dac9514dc07df",
                "sha256:41d45de54cd277a7878919867c0f08b0cf817605e4eb94093e7516505d3c8d14",
                "sha256:4238e6dab5d6a8ba812de994bbb0a79bddbdf80994e4ce802b6f6f3142fcc880",
                "sha256:45db3a33139e9c8f7c09234b5784a5e33d31fd6907800b316decad50af323ff2",
                "sha256:45e8636704eacc432a206ac7345a5d3d2c62d95a507ec70d62f23cd91770482a",
                "sha256:4958391dbd6249d7ad855b9ca88fae690783a6be9e86df65865058ed81fc860e",
                "sha256:4a306fa632e8f0928956a41fa8e1d6243c71e7eb59ffbd165fc0b41e316b2474",
                "sha256:57e9ac9ccc3101fac9d6014fba037473e4358ef4e89f8e181f8951a2c0162024",
                "sha256:59888172256cac5629e60e72e86598027aca6bf01fa2465bdb676d37636573e8",
                "sha256:5e069f72d497312b24fcc02073d70cb989045d1c91cbd53979366077959933e0",
                "sha256:64d4ec9f448dfe041705426000cc13e34e6e5bb13736e9fd62e34a0b0c41566e",
                "sha256:6dc2737a3674b3e344847c8686cf29e500584ccad76204efea14f451d4cc669a",
                "sha256:74fdfdbfdc48d3f47148976f49fab3251e550a8720bebc99bf1483f5bfb5db3e",
                "sha256:75e4024375654472cc27e91cbe9eaa08567f7fbdf822638be2814ce059f58032",
                "sha256:786902fb9ba7433aae840e0ed609f45c7bcd4e225ebb9c753aa39725bb3e6ad6",
                "sha256:8b6c2ea03845c9f501ed1313e78de148cd3f6cad741a75d43a29b43da27f2e1e",
                "sha256:91d77d2a782be4274da750752bb1650a97bfd8f291022b379bb8e01c66b4e96b",
                "sha256:91ec59c33514b7c7559a6acda53bbfe1b283949c34fe7440bcf917f96ac0723e",
                "sha256:920f0d66a896c2d99f0adbb391f990a84091179542c205fa53ce5787aff87954",
                "sha256:a5263e363c27b653a90078143adb3d076c1a748ec9ecc78ea2fb916f9b861962",
                "sha256:abb9a20a72ac4e0fdb50dae135ba5e77880518e742077ced47eb1499e29a443c",
                "sha256:c2051981a968d7de9dd2d7b87bcb9c939c74a34626a6e2f8181455dd49ed69e4",
                "sha256:c21c9e3896c23007803a875460fb786118f0cdd4434359577ea25eb556e34c55",
                "sha256:c2502a1a03b6312837279c8c1bd3ebedf6c12c4228ddbad40912d671ccc8a962",
                "sha256:d4d692a89c5cf08a8557fdeb329b82e7bf609aadfaed6c0d79f5a449a3c7c023",
                "sha256:da5db4e883f1ce37f55c667e5c0de439df76ac4cb55964655906306918e7363c",
                "sha256:e7022a66d9b55e93e1a845d8c9eba2a1bebd4966cd8bfc25d9cd07d515b33fa6",
                "sha256:ef1f279350da2c586a69d32fc8733092fd32cc8ac95139a00377841f59a3f8d8",
                "sha256:f54a64f8b0c8ff0b64d18aa76675262e1700f3995182267998c31ae974fbc382",
                "sha256:f5c7150ad32ba43a07c4479f40241756145a1f03b43480e058cfd862bf5041c7",
                "sha256:f6f824dc3bce0edab5f427efcfb1d63ee75b6fcb7282900ccaf925be84efb0fc",
                "sha256:fd8a250edc26254fe5b33be00402e6d287f562b6a5b2152dec302fa15bb3e997",
                "sha256:ffaa5c925128e29efbde7301d8ecaf35c8c60ffbcd6a1ffd3a552177c8e5e796"
            ],
            "version": "==1.15.0"
        },
        "charset-normalizer": {
            "hashes": [
                "sha256:2857e29ff0d34db842cd7ca3230549d1a697f96ee6d3fb071cfa6c7393832597",
                "sha256:6881edbebdb17b39b4eaaa821b438bf6eddffb4468cf344f09f89def34a8b1df"
            ],
            "markers": "python_version >= '3'",
            "version": "==2.0.12"
        },
        "croniter": {
            "hashes": [
                "sha256:0f97b361fe343301a8f66f852e7d84e4fb7f21379948f71e1bbfe10f5d015fbd",
                "sha256:a70dfc9d52de9fc1a886128b9148c89dd9e76b67d55f46516ca94d2d73d58219"
            ],
            "index": "pypi",
            "version": "==1.0.15"
        },
        "cryptography": {
            "hashes": [
                "sha256:0a7dcbcd3f1913f664aca35d47c1331fce738d44ec34b7be8b9d332151b0b01e",
                "sha256:1eb7bb0df6f6f583dd8e054689def236255161ebbcf62b226454ab9ec663746b",
                "sha256:21ca464b3a4b8d8e86ba0ee5045e103a1fcfac3b39319727bc0fc58c09c6aff7",
                "sha256:34dae04a0dce5730d8eb7894eab617d8a70d0c97da76b905de9efb7128ad7085",
                "sha256:3520667fda779eb788ea00080124875be18f2d8f0848ec00733c0ec3bb8219fc",
                "sha256:3c4129fc3fdc0fa8e40861b5ac0c673315b3c902bbdc05fc176764815b43dd1d",
                "sha256:3fa3a7ccf96e826affdf1a0a9432be74dc73423125c8f96a909e3835a5ef194a",
                "sha256:5b0fbfae7ff7febdb74b574055c7466da334a5371f253732d7e2e7525d570498",
                "sha256:695104a9223a7239d155d7627ad912953b540929ef97ae0c34c7b8bf30857e89",
                "sha256:8695456444f277af73a4877db9fc979849cd3ee74c198d04fc0776ebc3db52b9",
                "sha256:94cc5ed4ceaefcbe5bf38c8fba6a21fc1d365bb8fb826ea1688e3370b2e24a1c",
                "sha256:94fff993ee9bc1b2440d3b7243d488c6a3d9724cc2b09cdb297f6a886d040ef7",
                "sha256:9965c46c674ba8cc572bc09a03f4c649292ee73e1b683adb1ce81e82e9a6a0fb",
                "sha256:a00cf305f07b26c351d8d4e1af84ad7501eca8a342dedf24a7acb0e7b7406e14",
                "sha256:a305600e7a6b7b855cd798e00278161b681ad6e9b7eca94c721d5f588ab212af",
                "sha256:cd65b60cfe004790c795cc35f272e41a3df4631e2fb6b35aa7ac6ef2859d554e",
                "sha256:d2a6e5ef66503da51d2110edf6c403dc6b494cc0082f85db12f54e9c5d4c3ec5",
                "sha256:d9ec0e67a14f9d1d48dd87a2531009a9b251c02ea42851c060b25c782516ff06",
                "sha256:f44d141b8c4ea5eb4dbc9b3ad992d45580c1d22bf5e24363f2fbf50c2d7ae8a7"
            ],
            "index": "pypi",
            "version": "==3.4.8"
        },
        "django": {
            "hashes": [
                "sha256:6d93497a0a9bf6ba0e0b1a29cccdc40efbfc76297255b1309b3a884a688ec4b6",
                "sha256:b896ca61edc079eb6bbaa15cf6071eb69d6aac08cce5211583cfb41515644fdf"
            ],
            "index": "pypi",
            "version": "==3.2.13"
        },
        "django-cors-headers": {
            "hashes": [
                "sha256:425c20ceffa42b9ac11b02611eece4ae6c5fef2ff0f039c14c1df20e00c80df8",
                "sha256:4b8e13bf8d3df50ac4b986bd87085c3073dd56402ede109222ea34a774f9ec1b"
            ],
            "index": "pypi",
            "version": "==3.8.0"
        },
        "django-filter": {
            "hashes": [
                "sha256:84e9d5bb93f237e451db814ed422a3a625751cbc9968b484ecc74964a8696b06",
                "sha256:e00d32cebdb3d54273c48f4f878f898dced8d5dfaad009438fe61ebdf535ace1"
            ],
            "index": "pypi",
            "version": "==2.4.0"
        },
        "django-modeltranslation": {
            "hashes": [
                "sha256:fdbb32edcf92b82c934b336c5fd0e0ecf68bd9ce56fc55b172a617edf9c252cd"
            ],
            "index": "pypi",
            "version": "==0.17.3"
        },
        "django-picklefield": {
            "hashes": [
                "sha256:15ccba592ca953b9edf9532e64640329cd47b136b7f8f10f2939caa5f9ce4287",
                "sha256:3c702a54fde2d322fe5b2f39b8f78d9f655b8f77944ab26f703be6c0ed335a35"
            ],
            "markers": "python_version >= '3'",
            "version": "==3.0.1"
        },
        "django-q": {
            "extras": [
                "sentry"
            ],
            "hashes": [
                "sha256:1b74ce3a8931990b136903e3a7bc9b07243282a2b5355117246f05ed5d076e68",
                "sha256:5c6b4d530aa3aabf9c6aa57376da1ca2abf89a1562b77038b7a04e52a4a0a91b"
            ],
            "index": "pypi",
            "version": "==1.3.9"
        },
        "django-q-sentry": {
            "hashes": [
                "sha256:11d7870c40194be4e610d9a19bd310477421349be30410f7f26dfbf4e3b93d3b",
                "sha256:6417b03ff19bce50de256e9b6e947c37b870bf00ad9acea775c0ce6e006e58ef"
            ],
            "version": "==0.1.5"
        },
        "graphene": {
            "hashes": [
                "sha256:73332510a14b94fcb925dae4563ad6a028d414144704fdcc191565af72608798",
                "sha256:99becdccd2683c2db1a8486e98d007b5e64fa2ff0922e6c1b08e19233031368d"
            ],
            "version": "==3.1"
        },
        "graphene-django": {
            "hashes": [
                "sha256:02671d195f0c09c8649acff2a8f4ad4f297d0f7d98ea6e6cdf034b81bab92880",
                "sha256:0f226ec7db744a54dbc5d6db2aa52d945701ae800e1055046dec2b76a539550a",
                "sha256:b1a4ce1a2227b1e77f67f0bc2fadd59c1d05016cb9aced45ab65f8612fba2c87",
                "sha256:b78c9b05bc899016b9cc5bf13faa1f37fe1faa8c5407552c6ddd1a28f46fc31a"
            ],
            "index": "pypi",
            "version": "==3.0.0b7"
        },
        "graphql-core": {
            "hashes": [
                "sha256:9d1bf141427b7d54be944587c8349df791ce60ade2e3cccaf9c56368c133c201",
                "sha256:f83c658e4968998eed1923a2e3e3eddd347e005ac0315fbb7ca4d70ea9156323"
            ],
            "markers": "python_version >= '3.6' and python_version < '4'",
            "version": "==3.2.1"
        },
        "graphql-relay": {
            "hashes": [
                "sha256:1ff1c51298356e481a0be009ccdff249832ce53f30559c1338f22a0e0d17250c",
                "sha256:c9b22bd28b170ba1fe674c74384a8ff30a76c8e26f88ac3aa1584dd3179953e5"
            ],
            "markers": "python_version >= '3.6' and python_version < '4'",
            "version": "==3.2.0"
        },
        "gunicorn": {
            "hashes": [
                "sha256:9dcc4547dbb1cb284accfb15ab5667a0e5d1881cc443e0677b4882a4067a807e",
                "sha256:e0a968b5ba15f8a328fdfd7ab1fcb5af4470c28aaf7e55df02a99bc13138e6e8"
            ],
            "index": "pypi",
            "version": "==20.1.0"
        },
        "idna": {
            "hashes": [
                "sha256:84d9dd047ffa80596e0f246e2eab0b391788b0503584e8945f2368256d2735ff",
                "sha256:9d643ff0a55b762d5cdb124b8eaa99c66322e2157b69160bc32796e824360e6d"
            ],
            "markers": "python_version >= '3'",
            "version": "==3.3"
        },
        "mysqlclient": {
            "hashes": [
                "sha256:0ac0dd759c4ca02c35a9fedc24bc982cf75171651e8187c2495ec957a87dfff7",
                "sha256:3381ca1a4f37ff1155fcfde20836b46416d66531add8843f6aa6d968982731c3",
                "sha256:71c4b330cf2313bbda0307fc858cc9055e64493ba9bf28454d25cf8b3ee8d7f5",
                "sha256:f6ebea7c008f155baeefe16c56cd3ee6239f7a5a9ae42396c2f1860f08a7c432",
                "sha256:fc575093cf81b6605bed84653e48b277318b880dc9becf42dd47fa11ffd3e2b6"
            ],
            "index": "pypi",
            "version": "==2.0.3"
        },
        "pdfreader": {
            "hashes": [
                "sha256:6ac7c84c008d7371b9e4c18ebaf108ab28fd2ee3b6894cda7e7f317d4ab77e18"
            ],
            "index": "pypi",
            "version": "==0.1.10"
        },
        "pillow": {
            "hashes": [
                "sha256:088df396b047477dd1bbc7de6e22f58400dae2f21310d9e2ec2933b2ef7dfa4f",
                "sha256:09e67ef6e430f90caa093528bd758b0616f8165e57ed8d8ce014ae32df6a831d",
                "sha256:0b4d5ad2cd3a1f0d1df882d926b37dbb2ab6c823ae21d041b46910c8f8cd844b",
                "sha256:0b525a356680022b0af53385944026d3486fc8c013638cf9900eb87c866afb4c",
                "sha256:1d4331aeb12f6b3791911a6da82de72257a99ad99726ed6b63f481c0184b6fb9",
                "sha256:20d514c989fa28e73a5adbddd7a171afa5824710d0ab06d4e1234195d2a2e546",
                "sha256:2b291cab8a888658d72b575a03e340509b6b050b62db1f5539dd5cd18fd50578",
                "sha256:3f6c1716c473ebd1649663bf3b42702d0d53e27af8b64642be0dd3598c761fb1",
                "sha256:42dfefbef90eb67c10c45a73a9bc1599d4dac920f7dfcbf4ec6b80cb620757fe",
                "sha256:488f3383cf5159907d48d32957ac6f9ea85ccdcc296c14eca1a4e396ecc32098",
                "sha256:4d45dbe4b21a9679c3e8b3f7f4f42a45a7d3ddff8a4a16109dff0e1da30a35b2",
                "sha256:53c27bd452e0f1bc4bfed07ceb235663a1df7c74df08e37fd6b03eb89454946a",
                "sha256:55e74faf8359ddda43fee01bffbc5bd99d96ea508d8a08c527099e84eb708f45",
                "sha256:59789a7d06c742e9d13b883d5e3569188c16acb02eeed2510fd3bfdbc1bd1530",
                "sha256:5b650dbbc0969a4e226d98a0b440c2f07a850896aed9266b6fedc0f7e7834108",
                "sha256:66daa16952d5bf0c9d5389c5e9df562922a59bd16d77e2a276e575d32e38afd1",
                "sha256:6e760cf01259a1c0a50f3c845f9cad1af30577fd8b670339b1659c6d0e7a41dd",
                "sha256:7502539939b53d7565f3d11d87c78e7ec900d3c72945d4ee0e2f250d598309a0",
                "sha256:769a7f131a2f43752455cc72f9f7a093c3ff3856bf976c5fb53a59d0ccc704f6",
                "sha256:7c150dbbb4a94ea4825d1e5f2c5501af7141ea95825fadd7829f9b11c97aaf6c",
                "sha256:8844217cdf66eabe39567118f229e275f0727e9195635a15e0e4b9227458daaf",
                "sha256:8a66fe50386162df2da701b3722781cbe90ce043e7d53c1fd6bd801bca6b48d4",
                "sha256:9370d6744d379f2de5d7fa95cdbd3a4d92f0b0ef29609b4b1687f16bc197063d",
                "sha256:937a54e5694684f74dcbf6e24cc453bfc5b33940216ddd8f4cd8f0f79167f765",
                "sha256:9c857532c719fb30fafabd2371ce9b7031812ff3889d75273827633bca0c4602",
                "sha256:a4165205a13b16a29e1ac57efeee6be2dfd5b5408122d59ef2145bc3239fa340",
                "sha256:b3fe2ff1e1715d4475d7e2c3e8dabd7c025f4410f79513b4ff2de3d51ce0fa9c",
                "sha256:b6617221ff08fbd3b7a811950b5c3f9367f6e941b86259843eab77c8e3d2b56b",
                "sha256:b761727ed7d593e49671d1827044b942dd2f4caae6e51bab144d4accf8244a84",
                "sha256:baf3be0b9446a4083cc0c5bb9f9c964034be5374b5bc09757be89f5d2fa247b8",
                "sha256:c17770a62a71718a74b7548098a74cd6880be16bcfff5f937f900ead90ca8e92",
                "sha256:c67db410508b9de9c4694c57ed754b65a460e4812126e87f5052ecf23a011a54",
                "sha256:d78ca526a559fb84faaaf84da2dd4addef5edb109db8b81677c0bb1aad342601",
                "sha256:e9ed59d1b6ee837f4515b9584f3d26cf0388b742a11ecdae0d9237a94505d03a",
                "sha256:f054b020c4d7e9786ae0404278ea318768eb123403b18453e28e47cdb7a0a4bf",
                "sha256:f372d0f08eff1475ef426344efe42493f71f377ec52237bf153c5713de987251",
                "sha256:f3f6a6034140e9e17e9abc175fc7a266a6e63652028e157750bd98e804a8ed9a",
                "sha256:ffde4c6fabb52891d81606411cbfaf77756e3b561b566efd270b3ed3791fde4e"
            ],
            "index": "pypi",
            "version": "==9.1.1"
        },
        "promise": {
            "hashes": [
                "sha256:dfd18337c523ba4b6a58801c164c1904a9d4d1b1747c7d5dbf45b693a49d93d0"
            ],
            "version": "==2.3"
        },
        "pycparser": {
            "hashes": [
                "sha256:8ee45429555515e1f6b185e78100aea234072576aa43ab53aefcae078162fca9",
                "sha256:e644fdec12f7872f86c58ff790da456218b10f863970249516d60a5eaca77206"
            ],
            "markers": "python_version >= '2.7' and python_version not in '3.0, 3.1, 3.2, 3.3'",
            "version": "==2.21"
        },
        "pycryptodome": {
            "hashes": [
                "sha256:028dcbf62d128b4335b61c9fbb7dd8c376594db607ef36d5721ee659719935d5",
                "sha256:12ef157eb1e01a157ca43eda275fa68f8db0dd2792bc4fe00479ab8f0e6ae075",
                "sha256:2562de213960693b6d657098505fd4493c45f3429304da67efcbeb61f0edfe89",
                "sha256:27e92c1293afcb8d2639baf7eb43f4baada86e4de0f1fb22312bfc989b95dae2",
                "sha256:36e3242c4792e54ed906c53f5d840712793dc68b726ec6baefd8d978c5282d30",
                "sha256:50a5346af703330944bea503106cd50c9c2212174cfcb9939db4deb5305a8367",
                "sha256:53dedbd2a6a0b02924718b520a723e88bcf22e37076191eb9b91b79934fb2192",
                "sha256:69f05aaa90c99ac2f2af72d8d7f185f729721ad7c4be89e9e3d0ab101b0ee875",
                "sha256:75a3a364fee153e77ed889c957f6f94ec6d234b82e7195b117180dcc9fc16f96",
                "sha256:766a8e9832128c70012e0c2b263049506cbf334fb21ff7224e2704102b6ef59e",
                "sha256:7fb90a5000cc9c9ff34b4d99f7f039e9c3477700e309ff234eafca7b7471afc0",
                "sha256:893f32210de74b9f8ac869ed66c97d04e7d351182d6d39ebd3b36d3db8bda65d",
                "sha256:8b5c28058102e2974b9868d72ae5144128485d466ba8739abd674b77971454cc",
                "sha256:924b6aad5386fb54f2645f22658cb0398b1f25bc1e714a6d1522c75d527deaa5",
                "sha256:9924248d6920b59c260adcae3ee231cd5af404ac706ad30aa4cd87051bf09c50",
                "sha256:9ec761a35dbac4a99dcbc5cd557e6e57432ddf3e17af8c3c86b44af9da0189c0",
                "sha256:a36ab51674b014ba03da7f98b675fcb8eabd709a2d8e18219f784aba2db73b72",
                "sha256:aae395f79fa549fb1f6e3dc85cf277f0351e15a22e6547250056c7f0c990d6a5",
                "sha256:c880a98376939165b7dc504559f60abe234b99e294523a273847f9e7756f4132",
                "sha256:ce7a875694cd6ccd8682017a7c06c6483600f151d8916f2b25cf7a439e600263",
                "sha256:d1b7739b68a032ad14c5e51f7e4e1a5f92f3628bba024a2bda1f30c481fc85d8",
                "sha256:dcd65355acba9a1d0fc9b923875da35ed50506e339b35436277703d7ace3e222",
                "sha256:e04e40a7f8c1669195536a37979dd87da2c32dbdc73d6fe35f0077b0c17c803b",
                "sha256:e0c04c41e9ade19fbc0eff6aacea40b831bfcb2c91c266137bcdfd0d7b2f33ba",
                "sha256:e24d4ec4b029611359566c52f31af45c5aecde7ef90bf8f31620fd44c438efe7",
                "sha256:e64738207a02a83590df35f59d708bf1e7ea0d6adce712a777be2967e5f7043c",
                "sha256:ea56a35fd0d13121417d39a83f291017551fa2c62d6daa6b04af6ece7ed30d84",
                "sha256:f2772af1c3ef8025c85335f8b828d0193fa1e43256621f613280e2c81bfad423",
                "sha256:f403a3e297a59d94121cb3ee4b1cf41f844332940a62d71f9e4a009cc3533493",
                "sha256:f572a3ff7b6029dd9b904d6be4e0ce9e309dcb847b03e3ac8698d9d23bb36525"
            ],
            "markers": "python_version >= '2.7' and python_version not in '3.0, 3.1, 3.2, 3.3, 3.4'",
            "version": "==3.14.1"
        },
        "pytelegrambotapi": {
            "hashes": [
                "sha256:9395f13cba420744c5a315638e3348c05ddbeecb9e761ded206c89eeb8a6db0a"
            ],
            "index": "pypi",
            "version": "==4.0.1"
        },
        "python-dateutil": {
            "hashes": [
                "sha256:0123cacc1627ae19ddf3c27a5de5bd67ee4586fbdd6440d9748f8abb483d3e86",
                "sha256:961d03dc3453ebbc59dbdea9e4e11c5651520a876d0f4db161e8674aae935da9"
            ],
            "markers": "python_version >= '2.7' and python_version not in '3.0, 3.1, 3.2, 3.3'",
            "version": "==2.8.2"
        },
        "python-dotenv": {
            "hashes": [
                "sha256:aae25dc1ebe97c420f50b81fb0e5c949659af713f31fdb63c749ca68748f34b1",
                "sha256:f521bc2ac9a8e03c736f62911605c5d83970021e3fa95b37d769e2bbbe9b6172"
            ],
            "index": "pypi",
            "version": "==0.19.0"
        },
        "pytz": {
            "hashes": [
                "sha256:1e760e2fe6a8163bc0b3d9a19c4f84342afa0a2affebfaa84b01b978a02ecaa7",
                "sha256:e68985985296d9a66a881eb3193b0906246245294a881e7c8afe623866ac6a5c"
            ],
            "version": "==2022.1"
        },
        "redis": {
            "hashes": [
                "sha256:0e7e0cfca8660dea8b7d5cd8c4f6c5e29e11f31158c0b0ae91a397f00e5a05a2",
                "sha256:432b788c4530cfe16d8d943a09d40ca6c16149727e4afe8c2c9d5580c59d9f24"
            ],
            "markers": "python_version >= '2.7' and python_version not in '3.0, 3.1, 3.2, 3.3, 3.4'",
            "version": "==3.5.3"
        },
        "requests": {
            "hashes": [
                "sha256:6c1246513ecd5ecd4528a0906f910e8f0f9c6b8ec72030dc9fd154dc1a6efd24",
                "sha256:b8aa58f8cf793ffd8782d3d8cb19e66ef36f7aba4353eec859e74678b01b07a7"
            ],
            "index": "pypi",
            "version": "==2.26.0"
        },
        "sentry-sdk": {
            "hashes": [
                "sha256:ebe99144fa9618d4b0e7617e7929b75acd905d258c3c779edcd34c0adfffe26c",
                "sha256:f33d34c886d0ba24c75ea8885a8b3a172358853c7cbde05979fc99c29ef7bc52"
            ],
            "index": "pypi",
            "version": "==1.3.1"
        },
        "setuptools": {
            "hashes": [
                "sha256:68e45d17c9281ba25dc0104eadd2647172b3472d9e01f911efa57965e8d51a36",
                "sha256:a43bdedf853c670e5fed28e5623403bad2f73cf02f9a2774e91def6bda8265a7"
            ],
            "markers": "python_version >= '3.7'",
            "version": "==62.3.2"
        },
        "six": {
            "hashes": [
                "sha256:1e61c37477a1626458e36f7b1d82aa5c9b094fa4802892072e49de9c60c4c926",
                "sha256:8abb2f1d86890a2dfb989f9a77cfcfd3e47c2a354b01111771326f8aa26e0254"
            ],
            "markers": "python_version >= '2.7' and python_version not in '3.0, 3.1, 3.2, 3.3'",
            "version": "==1.16.0"
        },
        "soupsieve": {
            "hashes": [
                "sha256:3b2503d3c7084a42b1ebd08116e5f81aadfaea95863628c80a3b774a11b7c759",
                "sha256:fc53893b3da2c33de295667a0e19f078c14bf86544af307354de5fcf12a3f30d"
            ],
            "markers": "python_version >= '3.6'",
            "version": "==2.3.2.post1"
        },
        "sqlparse": {
            "hashes": [
                "sha256:0c00730c74263a94e5a9919ade150dfc3b19c574389985446148402998287dae",
                "sha256:48719e356bb8b42991bdbb1e8b83223757b93789c00910a616a071910ca4a64d"
            ],
            "markers": "python_version >= '3.5'",
            "version": "==0.4.2"
        },
        "text-unidecode": {
            "hashes": [
                "sha256:1311f10e8b895935241623731c2ba64f4c455287888b18189350b67134a822e8",
                "sha256:bad6603bb14d279193107714b288be206cac565dfa49aa5b105294dd5c4aab93"
            ],
            "version": "==1.3"
        },
        "urllib3": {
            "hashes": [
                "sha256:44ece4d53fb1706f667c9bd1c648f5469a2ec925fcf3a776667042d645472c14",
                "sha256:aabaf16477806a5e1dd19aa41f8c2b7950dd3c746362d7e3223dbe6de6ac448e"
            ],
            "markers": "python_version >= '2.7' and python_version not in '3.0, 3.1, 3.2, 3.3, 3.4' and python_version < '4'",
            "version": "==1.26.9"
        },
        "wcwidth": {
            "hashes": [
                "sha256:beb4802a9cebb9144e99086eff703a642a13d6a0052920003a230f3294bbe784",
                "sha256:c4d647b99872929fdb7bdcaa4fbe7f01413ed3d98077df798530e5b04f116c83"
            ],
            "version": "==0.2.5"
        }
    },
    "develop": {}
}
